
Microsoft Visual Studio Solution File, Format Version 12.00
# Visual Studio Version 17
VisualStudioVersion = 17.11.35312.102
MinimumVisualStudioVersion = 10.0.40219.1
Project("{FAE04EC0-301F-11D3-BF4B-00C04F79EFBC}") = "InvoiceExtractWebApi", "InvoiceExtractWebApi\InvoiceExtractWebApi.csproj", "{E1FBE8F8-0FD3-459A-BA77-35D7B51247A1}"
EndProject
Global
	GlobalSection(SolutionConfigurationPlatforms) = preSolution
		Debug|Any CPU = Debug|Any CPU
		Release|Any CPU = Release|Any CPU
	EndGlobalSection
	GlobalSection(ProjectConfigurationPlatforms) = postSolution
		{E1FBE8F8-0FD3-459A-BA77-35D7B51247A1}.Debug|Any CPU.ActiveCfg = Debug|Any CPU
		{E1FBE8F8-0FD3-459A-BA77-35D7B51247A1}.Debug|Any CPU.Build.0 = Debug|Any CPU
		{E1FBE8F8-0FD3-459A-BA77-35D7B51247A1}.Release|Any CPU.ActiveCfg = Release|Any CPU
		{E1FBE8F8-0FD3-459A-BA77-35D7B51247A1}.Release|Any CPU.Build.0 = Release|Any CPU
	EndGlobalSection
	GlobalSection(SolutionProperties) = preSolution
		HideSolutionNode = FALSE
	EndGlobalSection
	GlobalSection(ExtensibilityGlobals) = postSolution
		SolutionGuid = {71C90E12-CC1F-455C-BCB3-3F43768E19CD}
	EndGlobalSection
EndGlobal
